// !$*UTF8*$!
{
	archiveVersion = 1;
	classes = {
	};
	objectVersion = 46;
	objects = {

/* Begin PBXBuildFile section */
		820991D71C777012001D7CE0 /* ViewOrderController.swift in Sources */ = {isa = PBXBuildFile; fileRef = 820991D61C777012001D7CE0 /* ViewOrderController.swift */; };
		82C825661C76A7F200DEB110 /* AppDelegate.swift in Sources */ = {isa = PBXBuildFile; fileRef = 82C825651C76A7F200DEB110 /* AppDelegate.swift */; };
		82C825681C76A7F300DEB110 /* ViewController.swift in Sources */ = {isa = PBXBuildFile; fileRef = 82C825671C76A7F200DEB110 /* ViewController.swift */; };
		82C8256B1C76A7F300DEB110 /* Main.storyboard in Resources */ = {isa = PBXBuildFile; fileRef = 82C825691C76A7F300DEB110 /* Main.storyboard */; };
		82C8256D1C76A7F300DEB110 /* Assets.xcassets in Resources */ = {isa = PBXBuildFile; fileRef = 82C8256C1C76A7F300DEB110 /* Assets.xcassets */; };
		82C825701C76A7F300DEB110 /* LaunchScreen.storyboard in Resources */ = {isa = PBXBuildFile; fileRef = 82C8256E1C76A7F300DEB110 /* LaunchScreen.storyboard */; };
		82C825751C76A7F300DEB110 /* pizzappW WatchKit App.app in Embed Watch Content */ = {isa = PBXBuildFile; fileRef = 82C825741C76A7F300DEB110 /* pizzappW WatchKit App.app */; };
		82C8257B1C76A7F300DEB110 /* Interface.storyboard in Resources */ = {isa = PBXBuildFile; fileRef = 82C825791C76A7F300DEB110 /* Interface.storyboard */; };
		82C8257D1C76A7F300DEB110 /* Assets.xcassets in Resources */ = {isa = PBXBuildFile; fileRef = 82C8257C1C76A7F300DEB110 /* Assets.xcassets */; };
		82C825841C76A7F300DEB110 /* pizzappW WatchKit Extension.appex in Embed App Extensions */ = {isa = PBXBuildFile; fileRef = 82C825831C76A7F300DEB110 /* pizzappW WatchKit Extension.appex */; settings = {ATTRIBUTES = (RemoveHeadersOnCopy, ); }; };
		82C8258B1C76A7F300DEB110 /* InterfaceController.swift in Sources */ = {isa = PBXBuildFile; fileRef = 82C8258A1C76A7F300DEB110 /* InterfaceController.swift */; };
		82C8258D1C76A7F300DEB110 /* ExtensionDelegate.swift in Sources */ = {isa = PBXBuildFile; fileRef = 82C8258C1C76A7F300DEB110 /* ExtensionDelegate.swift */; };
		82C8258F1C76A7F300DEB110 /* NotificationController.swift in Sources */ = {isa = PBXBuildFile; fileRef = 82C8258E1C76A7F300DEB110 /* NotificationController.swift */; };
		82C825911C76A7F300DEB110 /* GlanceController.swift in Sources */ = {isa = PBXBuildFile; fileRef = 82C825901C76A7F300DEB110 /* GlanceController.swift */; };
		82C825931C76A7F300DEB110 /* Assets.xcassets in Resources */ = {isa = PBXBuildFile; fileRef = 82C825921C76A7F300DEB110 /* Assets.xcassets */; };
		82C825A31C76A8EF00DEB110 /* Pizza.swift in Sources */ = {isa = PBXBuildFile; fileRef = 82C825A21C76A8EF00DEB110 /* Pizza.swift */; };
		82C825A71C76AD6900DEB110 /* ViewSizeController.swift in Sources */ = {isa = PBXBuildFile; fileRef = 82C825A61C76AD6900DEB110 /* ViewSizeController.swift */; };
		82C825A91C76B6FC00DEB110 /* ViewMassController.swift in Sources */ = {isa = PBXBuildFile; fileRef = 82C825A81C76B6FC00DEB110 /* ViewMassController.swift */; };
		82C825AB1C76BB6700DEB110 /* ViewCheeseController.swift in Sources */ = {isa = PBXBuildFile; fileRef = 82C825AA1C76BB6700DEB110 /* ViewCheeseController.swift */; };
		82C825AD1C76BEA600DEB110 /* ViewIngredientsController.swift in Sources */ = {isa = PBXBuildFile; fileRef = 82C825AC1C76BEA600DEB110 /* ViewIngredientsController.swift */; };
/* End PBXBuildFile section */

/* Begin PBXContainerItemProxy section */
		82C825761C76A7F300DEB110 /* PBXContainerItemProxy */ = {
			isa = PBXContainerItemProxy;
			containerPortal = 82C8255A1C76A7F200DEB110 /* Project object */;
			proxyType = 1;
			remoteGlobalIDString = 82C825731C76A7F300DEB110;
			remoteInfo = "pizzappW WatchKit App";
		};
		82C825851C76A7F300DEB110 /* PBXContainerItemProxy */ = {
			isa = PBXContainerItemProxy;
			containerPortal = 82C8255A1C76A7F200DEB110 /* Project object */;
			proxyType = 1;
			remoteGlobalIDString = 82C825821C76A7F300DEB110;
			remoteInfo = "pizzappW WatchKit Extension";
		};
/* End PBXContainerItemProxy section */

/* Begin PBXCopyFilesBuildPhase section */
		82C8259A1C76A7F300DEB110 /* Embed App Extensions */ = {
			isa = PBXCopyFilesBuildPhase;
			buildActionMask = 2147483647;
			dstPath = "";
			dstSubfolderSpec = 13;
			files = (
				82C825841C76A7F300DEB110 /* pizzappW WatchKit Extension.appex in Embed App Extensions */,
			);
			name = "Embed App Extensions";
			runOnlyForDeploymentPostprocessing = 0;
		};
		82C8259E1C76A7F300DEB110 /* Embed Watch Content */ = {
			isa = PBXCopyFilesBuildPhase;
			buildActionMask = 2147483647;
			dstPath = "$(CONTENTS_FOLDER_PATH)/Watch";
			dstSubfolderSpec = 16;
			files = (
				82C825751C76A7F300DEB110 /* pizzappW WatchKit App.app in Embed Watch Content */,
			);
			name = "Embed Watch Content";
			runOnlyForDeploymentPostprocessing = 0;
		};
/* End PBXCopyFilesBuildPhase section */

/* Begin PBXFileReference section */
		820991D61C777012001D7CE0 /* ViewOrderController.swift */ = {isa = PBXFileReference; fileEncoding = 4; lastKnownFileType = sourcecode.swift; path = ViewOrderController.swift; sourceTree = "<group>"; };
		82C825621C76A7F200DEB110 /* pizzappW.app */ = {isa = PBXFileReference; explicitFileType = wrapper.application; includeInIndex = 0; path = pizzappW.app; sourceTree = BUILT_PRODUCTS_DIR; };
		82C825651C76A7F200DEB110 /* AppDelegate.swift */ = {isa = PBXFileReference; lastKnownFileType = sourcecode.swift; path = AppDelegate.swift; sourceTree = "<group>"; };
		82C825671C76A7F200DEB110 /* ViewController.swift */ = {isa = PBXFileReference; lastKnownFileType = sourcecode.swift; path = ViewController.swift; sourceTree = "<group>"; };
		82C8256A1C76A7F300DEB110 /* Base */ = {isa = PBXFileReference; lastKnownFileType = file.storyboard; name = Base; path = Base.lproj/Main.storyboard; sourceTree = "<group>"; };
		82C8256C1C76A7F300DEB110 /* Assets.xcassets */ = {isa = PBXFileReference; lastKnownFileType = folder.assetcatalog; path = Assets.xcassets; sourceTree = "<group>"; };
		82C8256F1C76A7F300DEB110 /* Base */ = {isa = PBXFileReference; lastKnownFileType = file.storyboard; name = Base; path = Base.lproj/LaunchScreen.storyboard; sourceTree = "<group>"; };
		82C825711C76A7F300DEB110 /* Info.plist */ = {isa = PBXFileReference; lastKnownFileType = text.plist.xml; path = Info.plist; sourceTree = "<group>"; };
		82C825741C76A7F300DEB110 /* pizzappW WatchKit App.app */ = {isa = PBXFileReference; explicitFileType = wrapper.application; includeInIndex = 0; path = "pizzappW WatchKit App.app"; sourceTree = BUILT_PRODUCTS_DIR; };
		82C8257A1C76A7F300DEB110 /* Base */ = {isa = PBXFileReference; lastKnownFileType = file.storyboard; name = Base; path = Base.lproj/Interface.storyboard; sourceTree = "<group>"; };
		82C8257C1C76A7F300DEB110 /* Assets.xcassets */ = {isa = PBXFileReference; lastKnownFileType = folder.assetcatalog; path = Assets.xcassets; sourceTree = "<group>"; };
		82C8257E1C76A7F300DEB110 /* Info.plist */ = {isa = PBXFileReference; lastKnownFileType = text.plist.xml; path = Info.plist; sourceTree = "<group>"; };
		82C825831C76A7F300DEB110 /* pizzappW WatchKit Extension.appex */ = {isa = PBXFileReference; explicitFileType = "wrapper.app-extension"; includeInIndex = 0; path = "pizzappW WatchKit Extension.appex"; sourceTree = BUILT_PRODUCTS_DIR; };
		82C825891C76A7F300DEB110 /* PushNotificationPayload.apns */ = {isa = PBXFileReference; lastKnownFileType = text; path = PushNotificationPayload.apns; sourceTree = "<group>"; };
		82C8258A1C76A7F300DEB110 /* InterfaceController.swift */ = {isa = PBXFileReference; lastKnownFileType = sourcecode.swift; path = InterfaceController.swift; sourceTree = "<group>"; };
		82C8258C1C76A7F300DEB110 /* ExtensionDelegate.swift */ = {isa = PBXFileReference; lastKnownFileType = sourcecode.swift; path = ExtensionDelegate.swift; sourceTree = "<group>"; };
		82C8258E1C76A7F300DEB110 /* NotificationController.swift */ = {isa = PBXFileReference; lastKnownFileType = sourcecode.swift; path = NotificationController.swift; sourceTree = "<group>"; };
		82C825901C76A7F300DEB110 /* GlanceController.swift */ = {isa = PBXFileReference; lastKnownFileType = sourcecode.swift; path = GlanceController.swift; sourceTree = "<group>"; };
		82C825921C76A7F300DEB110 /* Assets.xcassets */ = {isa = PBXFileReference; lastKnownFileType = folder.assetcatalog; path = Assets.xcassets; sourceTree = "<group>"; };
		82C825941C76A7F300DEB110 /* Info.plist */ = {isa = PBXFileReference; lastKnownFileType = text.plist.xml; path = Info.plist; sourceTree = "<group>"; };
		82C825A21C76A8EF00DEB110 /* Pizza.swift */ = {isa = PBXFileReference; fileEncoding = 4; lastKnownFileType = sourcecode.swift; path = Pizza.swift; sourceTree = "<group>"; };
		82C825A61C76AD6900DEB110 /* ViewSizeController.swift */ = {isa = PBXFileReference; fileEncoding = 4; lastKnownFileType = sourcecode.swift; path = ViewSizeController.swift; sourceTree = "<group>"; };
		82C825A81C76B6FC00DEB110 /* ViewMassController.swift */ = {isa = PBXFileReference; fileEncoding = 4; lastKnownFileType = sourcecode.swift; path = ViewMassController.swift; sourceTree = "<group>"; };
		82C825AA1C76BB6700DEB110 /* ViewCheeseController.swift */ = {isa = PBXFileReference; fileEncoding = 4; lastKnownFileType = sourcecode.swift; path = ViewCheeseController.swift; sourceTree = "<group>"; };
		82C825AC1C76BEA600DEB110 /* ViewIngredientsController.swift */ = {isa = PBXFileReference; fileEncoding = 4; lastKnownFileType = sourcecode.swift; path = ViewIngredientsController.swift; sourceTree = "<group>"; };
/* End PBXFileReference section */

/* Begin PBXFrameworksBuildPhase section */
		82C8255F1C76A7F200DEB110 /* Frameworks */ = {
			isa = PBXFrameworksBuildPhase;
			buildActionMask = 2147483647;
			files = (
			);
			runOnlyForDeploymentPostprocessing = 0;
		};
		82C825801C76A7F300DEB110 /* Frameworks */ = {
			isa = PBXFrameworksBuildPhase;
			buildActionMask = 2147483647;
			files = (
			);
			runOnlyForDeploymentPostprocessing = 0;
		};
/* End PBXFrameworksBuildPhase section */

/* Begin PBXGroup section */
		82C825591C76A7F200DEB110 = {
			isa = PBXGroup;
			children = (
				82C825641C76A7F200DEB110 /* pizzappW */,
				82C825781C76A7F300DEB110 /* pizzappW WatchKit App */,
				82C825871C76A7F300DEB110 /* pizzappW WatchKit Extension */,
				82C825631C76A7F200DEB110 /* Products */,
			);
			sourceTree = "<group>";
		};
		82C825631C76A7F200DEB110 /* Products */ = {
			isa = PBXGroup;
			children = (
				82C825621C76A7F200DEB110 /* pizzappW.app */,
				82C825741C76A7F300DEB110 /* pizzappW WatchKit App.app */,
				82C825831C76A7F300DEB110 /* pizzappW WatchKit Extension.appex */,
			);
			name = Products;
			sourceTree = "<group>";
		};
		82C825641C76A7F200DEB110 /* pizzappW */ = {
			isa = PBXGroup;
			children = (
				82C825651C76A7F200DEB110 /* AppDelegate.swift */,
				82C825671C76A7F200DEB110 /* ViewController.swift */,
				82C825691C76A7F300DEB110 /* Main.storyboard */,
				82C8256C1C76A7F300DEB110 /* Assets.xcassets */,
				82C8256E1C76A7F300DEB110 /* LaunchScreen.storyboard */,
				82C825711C76A7F300DEB110 /* Info.plist */,
			);
			path = pizzappW;
			sourceTree = "<group>";
		};
		82C825781C76A7F300DEB110 /* pizzappW WatchKit App */ = {
			isa = PBXGroup;
			children = (
				82C825791C76A7F300DEB110 /* Interface.storyboard */,
				82C8257C1C76A7F300DEB110 /* Assets.xcassets */,
				82C8257E1C76A7F300DEB110 /* Info.plist */,
			);
			path = "pizzappW WatchKit App";
			sourceTree = "<group>";
		};
		82C825871C76A7F300DEB110 /* pizzappW WatchKit Extension */ = {
			isa = PBXGroup;
			children = (
				82C8258A1C76A7F300DEB110 /* InterfaceController.swift */,
				82C8258C1C76A7F300DEB110 /* ExtensionDelegate.swift */,
				82C8258E1C76A7F300DEB110 /* NotificationController.swift */,
				82C825901C76A7F300DEB110 /* GlanceController.swift */,
				82C825921C76A7F300DEB110 /* Assets.xcassets */,
				82C825941C76A7F300DEB110 /* Info.plist */,
				82C825881C76A7F300DEB110 /* Supporting Files */,
				82C825A21C76A8EF00DEB110 /* Pizza.swift */,
				82C825A61C76AD6900DEB110 /* ViewSizeController.swift */,
				82C825A81C76B6FC00DEB110 /* ViewMassController.swift */,
				82C825AA1C76BB6700DEB110 /* ViewCheeseController.swift */,
				82C825AC1C76BEA600DEB110 /* ViewIngredientsController.swift */,
				820991D61C777012001D7CE0 /* ViewOrderController.swift */,
			);
			path = "pizzappW WatchKit Extension";
			sourceTree = "<group>";
		};
		82C825881C76A7F300DEB110 /* Supporting Files */ = {
			isa = PBXGroup;
			children = (
				82C825891C76A7F300DEB110 /* PushNotificationPayload.apns */,
			);
			name = "Supporting Files";
			sourceTree = "<group>";
		};
/* End PBXGroup section */

/* Begin PBXNativeTarget section */
		82C825611C76A7F200DEB110 /* pizzappW */ = {
			isa = PBXNativeTarget;
			buildConfigurationList = 82C8259F1C76A7F300DEB110 /* Build configuration list for PBXNativeTarget "pizzappW" */;
			buildPhases = (
				82C8255E1C76A7F200DEB110 /* Sources */,
				82C8255F1C76A7F200DEB110 /* Frameworks */,
				82C825601C76A7F200DEB110 /* Resources */,
				82C8259E1C76A7F300DEB110 /* Embed Watch Content */,
			);
			buildRules = (
			);
			dependencies = (
				82C825771C76A7F300DEB110 /* PBXTargetDependency */,
			);
			name = pizzappW;
			productName = pizzappW;
			productReference = 82C825621C76A7F200DEB110 /* pizzappW.app */;
			productType = "com.apple.product-type.application";
		};
		82C825731C76A7F300DEB110 /* pizzappW WatchKit App */ = {
			isa = PBXNativeTarget;
			buildConfigurationList = 82C8259B1C76A7F300DEB110 /* Build configuration list for PBXNativeTarget "pizzappW WatchKit App" */;
			buildPhases = (
				82C825721C76A7F300DEB110 /* Resources */,
				82C8259A1C76A7F300DEB110 /* Embed App Extensions */,
			);
			buildRules = (
			);
			dependencies = (
				82C825861C76A7F300DEB110 /* PBXTargetDependency */,
			);
			name = "pizzappW WatchKit App";
			productName = "pizzappW WatchKit App";
			productReference = 82C825741C76A7F300DEB110 /* pizzappW WatchKit App.app */;
			productType = "com.apple.product-type.application.watchapp2";
		};
		82C825821C76A7F300DEB110 /* pizzappW WatchKit Extension */ = {
			isa = PBXNativeTarget;
			buildConfigurationList = 82C825971C76A7F300DEB110 /* Build configuration list for PBXNativeTarget "pizzappW WatchKit Extension" */;
			buildPhases = (
				82C8257F1C76A7F300DEB110 /* Sources */,
				82C825801C76A7F300DEB110 /* Frameworks */,
				82C825811C76A7F300DEB110 /* Resources */,
			);
			buildRules = (
			);
			dependencies = (
			);
			name = "pizzappW WatchKit Extension";
			productName = "pizzappW WatchKit Extension";
			productReference = 82C825831C76A7F300DEB110 /* pizzappW WatchKit Extension.appex */;
			productType = "com.apple.product-type.watchkit2-extension";
		};
/* End PBXNativeTarget section */

/* Begin PBXProject section */
		82C8255A1C76A7F200DEB110 /* Project object */ = {
			isa = PBXProject;
			attributes = {
				LastSwiftUpdateCheck = 0720;
				LastUpgradeCheck = 0720;
				ORGANIZATIONNAME = "Pollinion INC";
				TargetAttributes = {
					82C825611C76A7F200DEB110 = {
						CreatedOnToolsVersion = 7.2;
						DevelopmentTeam = 2TPLXJ3748;
					};
					82C825731C76A7F300DEB110 = {
						CreatedOnToolsVersion = 7.2;
						DevelopmentTeam = 2TPLXJ3748;
					};
					82C825821C76A7F300DEB110 = {
						CreatedOnToolsVersion = 7.2;
						DevelopmentTeam = 2TPLXJ3748;
					};
				};
			};
			buildConfigurationList = 82C8255D1C76A7F200DEB110 /* Build configuration list for PBXProject "pizzappW" */;
			compatibilityVersion = "Xcode 3.2";
			developmentRegion = English;
			hasScannedForEncodings = 0;
			knownRegions = (
				en,
				Base,
			);
			mainGroup = 82C825591C76A7F200DEB110;
			productRefGroup = 82C825631C76A7F200DEB110 /* Products */;
			projectDirPath = "";
			projectRoot = "";
			targets = (
				82C825611C76A7F200DEB110 /* pizzappW */,
				82C825731C76A7F300DEB110 /* pizzappW WatchKit App */,
				82C825821C76A7F300DEB110 /* pizzappW WatchKit Extension */,
			);
		};
/* End PBXProject section */

/* Begin PBXResourcesBuildPhase section */
		82C825601C76A7F200DEB110 /* Resources */ = {
			isa = PBXResourcesBuildPhase;
			buildActionMask = 2147483647;
			files = (
				82C825701C76A7F300DEB110 /* LaunchScreen.storyboard in Resources */,
				82C8256D1C76A7F300DEB110 /* Assets.xcassets in Resources */,
				82C8256B1C76A7F300DEB110 /* Main.storyboard in Resources */,
			);
			runOnlyForDeploymentPostprocessing = 0;
		};
		82C825721C76A7F300DEB110 /* Resources */ = {
			isa = PBXResourcesBuildPhase;
			buildActionMask = 2147483647;
			files = (
				82C8257D1C76A7F300DEB110 /* Assets.xcassets in Resources */,
				82C8257B1C76A7F300DEB110 /* Interface.storyboard in Resources */,
			);
			runOnlyForDeploymentPostprocessing = 0;
		};
		82C825811C76A7F300DEB110 /* Resources */ = {
			isa = PBXResourcesBuildPhase;
			buildActionMask = 2147483647;
			files = (
				82C825931C76A7F300DEB110 /* Assets.xcassets in Resources */,
			);
			runOnlyForDeploymentPostprocessing = 0;
		};
/* End PBXResourcesBuildPhase section */

/* Begin PBXSourcesBuildPhase section */
		82C8255E1C76A7F200DEB110 /* Sources */ = {
			isa = PBXSourcesBuildPhase;
			buildActionMask = 2147483647;
			files = (
				82C825681C76A7F300DEB110 /* ViewController.swift in Sources */,
				82C825661C76A7F200DEB110 /* AppDelegate.swift in Sources */,
			);
			runOnlyForDeploymentPostprocessing = 0;
		};
		82C8257F1C76A7F300DEB110 /* Sources */ = {
			isa = PBXSourcesBuildPhase;
			buildActionMask = 2147483647;
			files = (
				82C8258F1C76A7F300DEB110 /* NotificationController.swift in Sources */,
				82C825AB1C76BB6700DEB110 /* ViewCheeseController.swift in Sources */,
				82C825A71C76AD6900DEB110 /* ViewSizeController.swift in Sources */,
				82C8258D1C76A7F300DEB110 /* ExtensionDelegate.swift in Sources */,
				82C8258B1C76A7F300DEB110 /* InterfaceController.swift in Sources */,
				82C825AD1C76BEA600DEB110 /* ViewIngredientsController.swift in Sources */,
				82C825A91C76B6FC00DEB110 /* ViewMassController.swift in Sources */,
				820991D71C777012001D7CE0 /* ViewOrderController.swift in Sources */,
				82C825A31C76A8EF00DEB110 /* Pizza.swift in Sources */,
				82C825911C76A7F300DEB110 /* GlanceController.swift in Sources */,
			);
			runOnlyForDeploymentPostprocessing = 0;
		};
/* End PBXSourcesBuildPhase section */

/* Begin PBXTargetDependency section */
		82C825771C76A7F300DEB110 /* PBXTargetDependency */ = {
			isa = PBXTargetDependency;
			target = 82C825731C76A7F300DEB110 /* pizzappW WatchKit App */;
			targetProxy = 82C825761C76A7F300DEB110 /* PBXContainerItemProxy */;
		};
		82C825861C76A7F300DEB110 /* PBXTargetDependency */ = {
			isa = PBXTargetDependency;
			target = 82C825821C76A7F300DEB110 /* pizzappW WatchKit Extension */;
			targetProxy = 82C825851C76A7F300DEB110 /* PBXContainerItemProxy */;
		};
/* End PBXTargetDependency section */

/* Begin PBXVariantGroup section */
		82C825691C76A7F300DEB110 /* Main.storyboard */ = {
			isa = PBXVariantGroup;
			children = (
				82C8256A1C76A7F300DEB110 /* Base */,
			);
			name = Main.storyboard;
			sourceTree = "<group>";
		};
		82C8256E1C76A7F300DEB110 /* LaunchScreen.storyboard */ = {
			isa = PBXVariantGroup;
			children = (
				82C8256F1C76A7F300DEB110 /* Base */,
			);
			name = LaunchScreen.storyboard;
			sourceTree = "<group>";
		};
		82C825791C76A7F300DEB110 /* Interface.storyboard */ = {
			isa = PBXVariantGroup;
			children = (
				82C8257A1C76A7F300DEB110 /* Base */,
			);
			name = Interface.storyboard;
			sourceTree = "<group>";
		};
/* End PBXVariantGroup section */

/* Begin XCBuildConfiguration section */
		82C825951C76A7F300DEB110 /* Debug */ = {
			isa = XCBuildConfiguration;
			buildSettings = {
				ALWAYS_SEARCH_USER_PATHS = NO;
				CLANG_CXX_LANGUAGE_STANDARD = "gnu++0x";
				CLANG_CXX_LIBRARY = "libc++";
				CLANG_ENABLE_MODULES = YES;
				CLANG_ENABLE_OBJC_ARC = YES;
				CLANG_WARN_BOOL_CONVERSION = YES;
				CLANG_WARN_CONSTANT_CONVERSION = YES;
				CLANG_WARN_DIRECT_OBJC_ISA_USAGE = YES_ERROR;
				CLANG_WARN_EMPTY_BODY = YES;
				CLANG_WARN_ENUM_CONVERSION = YES;
				CLANG_WARN_INT_CONVERSION = YES;
				CLANG_WARN_OBJC_ROOT_CLASS = YES_ERROR;
				CLANG_WARN_UNREACHABLE_CODE = YES;
				CLANG_WARN__DUPLICATE_METHOD_MATCH = YES;
				"CODE_SIGN_IDENTITY[sdk=iphoneos*]" = "iPhone Developer";
				COPY_PHASE_STRIP = NO;
				DEBUG_INFORMATION_FORMAT = dwarf;
				ENABLE_STRICT_OBJC_MSGSEND = YES;
				ENABLE_TESTABILITY = YES;
				GCC_C_LANGUAGE_STANDARD = gnu99;
				GCC_DYNAMIC_NO_PIC = NO;
				GCC_NO_COMMON_BLOCKS = YES;
				GCC_OPTIMIZATION_LEVEL = 0;
				GCC_PREPROCESSOR_DEFINITIONS = (
					"DEBUG=1",
					"$(inherited)",
				);
				GCC_WARN_64_TO_32_BIT_CONVERSION = YES;
				GCC_WARN_ABOUT_RETURN_TYPE = YES_ERROR;
				GCC_WARN_UNDECLARED_SELECTOR = YES;
				GCC_WARN_UNINITIALIZED_AUTOS = YES_AGGRESSIVE;
				GCC_WARN_UNUSED_FUNCTION = YES;
				GCC_WARN_UNUSED_VARIABLE = YES;
				IPHONEOS_DEPLOYMENT_TARGET = 9.2;
				MTL_ENABLE_DEBUG_INFO = YES;
				ONLY_ACTIVE_ARCH = YES;
				SDKROOT = iphoneos;
				SWIFT_OPTIMIZATION_LEVEL = "-Onone";
				TARGETED_DEVICE_FAMILY = "1,2";
			};
			name = Debug;
		};
		82C825961C76A7F300DEB110 /* Release */ = {
			isa = XCBuildConfiguration;
			buildSettings = {
				ALWAYS_SEARCH_USER_PATHS = NO;
				CLANG_CXX_LANGUAGE_STANDARD = "gnu++0x";
				CLANG_CXX_LIBRARY = "libc++";
				CLANG_ENABLE_MODULES = YES;
				CLANG_ENABLE_OBJC_ARC = YES;
				CLANG_WARN_BOOL_CONVERSION = YES;
				CLANG_WARN_CONSTANT_CONVERSION = YES;
				CLANG_WARN_DIRECT_OBJC_ISA_USAGE = YES_ERROR;
				CLANG_WARN_EMPTY_BODY = YES;
				CLANG_WARN_ENUM_CONVERSION = YES;
				CLANG_WARN_INT_CONVERSION = YES;
				CLANG_WARN_OBJC_ROOT_CLASS = YES_ERROR;
				CLANG_WARN_UNREACHABLE_CODE = YES;
				CLANG_WARN__DUPLICATE_METHOD_MATCH = YES;
				"CODE_SIGN_IDENTITY[sdk=iphoneos*]" = "iPhone Developer";
				COPY_PHASE_STRIP = NO;
				DEBUG_INFORMATION_FORMAT = "dwarf-with-dsym";
				ENABLE_NS_ASSERTIONS = NO;
				ENABLE_STRICT_OBJC_MSGSEND = YES;
				GCC_C_LANGUAGE_STANDARD = gnu99;
				GCC_NO_COMMON_BLOCKS = YES;
				GCC_WARN_64_TO_32_BIT_CONVERSION = YES;
				GCC_WARN_ABOUT_RETURN_TYPE = YES_ERROR;
				GCC_WARN_UNDECLARED_SELECTOR = YES;
				GCC_WARN_UNINITIALIZED_AUTOS = YES_AGGRESSIVE;
				GCC_WARN_UNUSED_FUNCTION = YES;
				GCC_WARN_UNUSED_VARIABLE = YES;
				IPHONEOS_DEPLOYMENT_TARGET = 9.2;
				MTL_ENABLE_DEBUG_INFO = NO;
				SDKROOT = iphoneos;
				TARGETED_DEVICE_FAMILY = "1,2";
				VALIDATE_PRODUCT = YES;
			};
			name = Release;
		};
		82C825981C76A7F300DEB110 /* Debug */ = {
			isa = XCBuildConfiguration;
			buildSettings = {
				INFOPLIST_FILE = "pizzappW WatchKit Extension/Info.plist";
				LD_RUNPATH_SEARCH_PATHS = "$(inherited) @executable_path/Frameworks @executable_path/../../Frameworks";
				PRODUCT_BUNDLE_IDENTIFIER = pollinion.pizzappW.watchkitapp.watchkitextension;
				PRODUCT_NAME = "${TARGET_NAME}";
				SDKROOT = watchos;
				SKIP_INSTALL = YES;
				TARGETED_DEVICE_FAMILY = 4;
				WATCHOS_DEPLOYMENT_TARGET = 2.1;
			};
			name = Debug;
		};
		82C825991C76A7F300DEB110 /* Release */ = {
			isa = XCBuildConfiguration;
			buildSettings = {
				INFOPLIST_FILE = "pizzappW WatchKit Extension/Info.plist";
				LD_RUNPATH_SEARCH_PATHS = "$(inherited) @executable_path/Frameworks @executable_path/../../Frameworks";
				PRODUCT_BUNDLE_IDENTIFIER = pollinion.pizzappW.watchkitapp.watchkitextension;
				PRODUCT_NAME = "${TARGET_NAME}";
				SDKROOT = watchos;
				SKIP_INSTALL = YES;
				TARGETED_DEVICE_FAMILY = 4;
				WATCHOS_DEPLOYMENT_TARGET = 2.1;
			};
			name = Release;
		};
		82C8259C1C76A7F300DEB110 /* Debug */ = {
			isa = XCBuildConfiguration;
			buildSettings = {
				ASSETCATALOG_COMPILER_APPICON_NAME = AppIcon;
				EMBEDDED_CONTENT_CONTAINS_SWIFT = YES;
				IBSC_MODULE = pizzappW_WatchKit_Extension;
				INFOPLIST_FILE = "pizzappW WatchKit App/Info.plist";
				PRODUCT_BUNDLE_IDENTIFIER = pollinion.pizzappW.watchkitapp;
				PRODUCT_NAME = "$(TARGET_NAME)";
				SDKROOT = watchos;
				SKIP_INSTALL = YES;
				TARGETED_DEVICE_FAMILY = 4;
				WATCHOS_DEPLOYMENT_TARGET = 2.1;
			};
			name = Debug;
		};
		82C8259D1C76A7F300DEB110 /* Release */ = {
			isa = XCBuildConfiguration;
			buildSettings = {
				ASSETCATALOG_COMPILER_APPICON_NAME = AppIcon;
				EMBEDDED_CONTENT_CONTAINS_SWIFT = YES;
				IBSC_MODULE = pizzappW_WatchKit_Extension;
				INFOPLIST_FILE = "pizzappW WatchKit App/Info.plist";
				PRODUCT_BUNDLE_IDENTIFIER = pollinion.pizzappW.watchkitapp;
				PRODUCT_NAME = "$(TARGET_NAME)";
				SDKROOT = watchos;
				SKIP_INSTALL = YES;
				TARGETED_DEVICE_FAMILY = 4;
				WATCHOS_DEPLOYMENT_TARGET = 2.1;
			};
			name = Release;
		};
		82C825A01C76A7F300DEB110 /* Debug */ = {
			isa = XCBuildConfiguration;
			buildSettings = {
				ASSETCATALOG_COMPILER_APPICON_NAME = AppIcon;
				INFOPLIST_FILE = pizzappW/Info.plist;
				LD_RUNPATH_SEARCH_PATHS = "$(inherited) @executable_path/Frameworks";
				PRODUCT_BUNDLE_IDENTIFIER = pollinion.pizzappW;
				PRODUCT_NAME = "$(TARGET_NAME)";
			};
			name = Debug;
		};
		82C825A11C76A7F300DEB110 /* Release */ = {
			isa = XCBuildConfiguration;
			buildSettings = {
				ASSETCATALOG_COMPILER_APPICON_NAME = AppIcon;
				INFOPLIST_FILE = pizzappW/Info.plist;
				LD_RUNPATH_SEARCH_PATHS = "$(inherited) @executable_path/Frameworks";
				PRODUCT_BUNDLE_IDENTIFIER = pollinion.pizzappW;
				PRODUCT_NAME = "$(TARGET_NAME)";
			};
			name = Release;
		};
/* End XCBuildConfiguration section */

/* Begin XCConfigurationList section */
		82C8255D1C76A7F200DEB110 /* Build configuration list for PBXProject "pizzappW" */ = {
			isa = XCConfigurationList;
			buildConfigurations = (
				82C825951C76A7F300DEB110 /* Debug */,
				82C825961C76A7F300DEB110 /* Release */,
			);
			defaultConfigurationIsVisible = 0;
			defaultConfigurationName = Release;
		};
		82C825971C76A7F300DEB110 /* Build configuration list for PBXNativeTarget "pizzappW WatchKit Extension" */ = {
			isa = XCConfigurationList;
			buildConfigurations = (
				82C825981C76A7F300DEB110 /* Debug */,
				82C825991C76A7F300DEB110 /* Release */,
			);
			defaultConfigurationIsVisible = 0;
			defaultConfigurationName = Release;
		};
		82C8259B1C76A7F300DEB110 /* Build configuration list for PBXNativeTarget "pizzappW WatchKit App" */ = {
			isa = XCConfigurationList;
			buildConfigurations = (
				82C8259C1C76A7F300DEB110 /* Debug */,
				82C8259D1C76A7F300DEB110 /* Release */,
			);
			defaultConfigurationIsVisible = 0;
			defaultConfigurationName = Release;
		};
		82C8259F1C76A7F300DEB110 /* Build configuration list for PBXNativeTarget "pizzappW" */ = {
			isa = XCConfigurationList;
			buildConfigurations = (
				82C825A01C76A7F300DEB110 /* Debug */,
				82C825A11C76A7F300DEB110 /* Release */,
			);
			defaultConfigurationIsVisible = 0;
			defaultConfigurationName = Release;
		};
/* End XCConfigurationList section */
	};
	rootObject = 82C8255A1C76A7F200DEB110 /* Project object */;
}
